
Microsoft Visual Studio Solution File, Format Version 12.00
# Visual Studio Version 17
VisualStudioVersion = 17.4.33110.190
MinimumVisualStudioVersion = 10.0.40219.1
Project("{9A19103F-16F7-4668-BE54-9A1E7A4F7556}") = "tasinmaz.API", "tasinmaz.API\tasinmaz.API.csproj", "{90BDBDF4-8EC8-4418-A7CE-616FE2C38750}"
EndProject
Global
	GlobalSection(SolutionConfigurationPlatforms) = preSolution
		Debug|Any CPU = Debug|Any CPU
		Release|Any CPU = Release|Any CPU
	EndGlobalSection
	GlobalSection(ProjectConfigurationPlatforms) = postSolution
		{90BDBDF4-8EC8-4418-A7CE-616FE2C38750}.Debug|Any CPU.ActiveCfg = Debug|Any CPU
		{90BDBDF4-8EC8-4418-A7CE-616FE2C38750}.Debug|Any CPU.Build.0 = Debug|Any CPU
		{90BDBDF4-8EC8-4418-A7CE-616FE2C38750}.Release|Any CPU.ActiveCfg = Release|Any CPU
		{90BDBDF4-8EC8-4418-A7CE-616FE2C38750}.Release|Any CPU.Build.0 = Release|Any CPU
	EndGlobalSection
	GlobalSection(SolutionProperties) = preSolution
		HideSolutionNode = FALSE
	EndGlobalSection
	GlobalSection(ExtensibilityGlobals) = postSolution
		SolutionGuid = {F5019EDE-5FF4-48E6-84B0-D63D5AF883F9}
	EndGlobalSection
EndGlobal
